
Microsoft Visual Studio Solution File, Format Version 12.00
# Visual Studio 15
VisualStudioVersion = 15.0.28307.852
MinimumVisualStudioVersion = 10.0.40219.1
Project("{FAE04EC0-301F-11D3-BF4B-00C04F79EFBC}") = "MVCCRUDWITHMYSQL", "MVCCRUDWITHMYSQL\MVCCRUDWITHMYSQL.csproj", "{255C450C-1112-435A-BFDE-B864F1355B96}"
EndProject
Global
	GlobalSection(SolutionConfigurationPlatforms) = preSolution
		Debug|Any CPU = Debug|Any CPU
		Release|Any CPU = Release|Any CPU
	EndGlobalSection
	GlobalSection(ProjectConfigurationPlatforms) = postSolution
		{255C450C-1112-435A-BFDE-B864F1355B96}.Debug|Any CPU.ActiveCfg = Debug|Any CPU
		{255C450C-1112-435A-BFDE-B864F1355B96}.Debug|Any CPU.Build.0 = Debug|Any CPU
		{255C450C-1112-435A-BFDE-B864F1355B96}.Release|Any CPU.ActiveCfg = Release|Any CPU
		{255C450C-1112-435A-BFDE-B864F1355B96}.Release|Any CPU.Build.0 = Release|Any CPU
	EndGlobalSection
	GlobalSection(SolutionProperties) = preSolution
		HideSolutionNode = FALSE
	EndGlobalSection
	GlobalSection(ExtensibilityGlobals) = postSolution
		SolutionGuid = {CEEDA07A-0B20-466D-B26D-793C5EDFC46C}
	EndGlobalSection
EndGlobal
